// !$*UTF8*$!
{
	archiveVersion = 1;
	classes = {
	};
	objectVersion = 46;
	objects = {

/* Begin PBXBuildFile section */
		6C05C2991B0187A50062DDDA /* main.m in Sources */ = {isa = PBXBuildFile; fileRef = 6C05C2981B0187A50062DDDA /* main.m */; };
		6C05C29C1B0187A50062DDDA /* AppDelegate.m in Sources */ = {isa = PBXBuildFile; fileRef = 6C05C29B1B0187A50062DDDA /* AppDelegate.m */; };
		6C05C29F1B0187A50062DDDA /* demo.xcdatamodeld in Sources */ = {isa = PBXBuildFile; fileRef = 6C05C29D1B0187A50062DDDA /* demo.xcdatamodeld */; };
		6C05C2A21B0187A50062DDDA /* ViewController.m in Sources */ = {isa = PBXBuildFile; fileRef = 6C05C2A11B0187A50062DDDA /* ViewController.m */; };
		6C05C2A51B0187A50062DDDA /* Main.storyboard in Resources */ = {isa = PBXBuildFile; fileRef = 6C05C2A31B0187A50062DDDA /* Main.storyboard */; };
		6C05C2A71B0187A50062DDDA /* Images.xcassets in Resources */ = {isa = PBXBuildFile; fileRef = 6C05C2A61B0187A50062DDDA /* Images.xcassets */; };
		6C05C2AA1B0187A50062DDDA /* LaunchScreen.xib in Resources */ = {isa = PBXBuildFile; fileRef = 6C05C2A81B0187A50062DDDA /* LaunchScreen.xib */; };
		6C05C2B61B0187A50062DDDA /* demoTests.m in Sources */ = {isa = PBXBuildFile; fileRef = 6C05C2B51B0187A50062DDDA /* demoTests.m */; };
		6C4305F51B01906D008FF7D3 /* Message.m in Sources */ = {isa = PBXBuildFile; fileRef = 6C4305F41B01906D008FF7D3 /* Message.m */; };
		6C996D1D1B01ABD20042C437 /* MessageBoardTableController.m in Sources */ = {isa = PBXBuildFile; fileRef = 6C996D1C1B01ABD20042C437 /* MessageBoardTableController.m */; };
		6C996D231B01CC4E0042C437 /* NewPostViewController.m in Sources */ = {isa = PBXBuildFile; fileRef = 6C996D221B01CC4E0042C437 /* NewPostViewController.m */; };
		A88BCD9B09087EB91CE9BDAF /* libPods.a in Frameworks */ = {isa = PBXBuildFile; fileRef = D921B994121A5FC066BDFD23 /* libPods.a */; };
/* End PBXBuildFile section */

/* Begin PBXContainerItemProxy section */
		6C05C2B01B0187A50062DDDA /* PBXContainerItemProxy */ = {
			isa = PBXContainerItemProxy;
			containerPortal = 6C05C28B1B0187A50062DDDA /* Project object */;
			proxyType = 1;
			remoteGlobalIDString = 6C05C2921B0187A50062DDDA;
			remoteInfo = demo;
		};
/* End PBXContainerItemProxy section */

/* Begin PBXFileReference section */
		06FB7C2281F77877F67D8E30 /* Pods.release.xcconfig */ = {isa = PBXFileReference; includeInIndex = 1; lastKnownFileType = text.xcconfig; name = Pods.release.xcconfig; path = "Pods/Target Support Files/Pods/Pods.release.xcconfig"; sourceTree = "<group>"; };
		19C7E7114C7ECDD1E4235A08 /* Pods.debug.xcconfig */ = {isa = PBXFileReference; includeInIndex = 1; lastKnownFileType = text.xcconfig; name = Pods.debug.xcconfig; path = "Pods/Target Support Files/Pods/Pods.debug.xcconfig"; sourceTree = "<group>"; };
		6C05C2931B0187A50062DDDA /* demo.app */ = {isa = PBXFileReference; explicitFileType = wrapper.application; includeInIndex = 0; path = demo.app; sourceTree = BUILT_PRODUCTS_DIR; };
		6C05C2971B0187A50062DDDA /* Info.plist */ = {isa = PBXFileReference; lastKnownFileType = text.plist.xml; path = Info.plist; sourceTree = "<group>"; };
		6C05C2981B0187A50062DDDA /* main.m */ = {isa = PBXFileReference; lastKnownFileType = sourcecode.c.objc; path = main.m; sourceTree = "<group>"; };
		6C05C29A1B0187A50062DDDA /* AppDelegate.h */ = {isa = PBXFileReference; lastKnownFileType = sourcecode.c.h; path = AppDelegate.h; sourceTree = "<group>"; };
		6C05C29B1B0187A50062DDDA /* AppDelegate.m */ = {isa = PBXFileReference; lastKnownFileType = sourcecode.c.objc; path = AppDelegate.m; sourceTree = "<group>"; };
		6C05C29E1B0187A50062DDDA /* demo.xcdatamodel */ = {isa = PBXFileReference; lastKnownFileType = wrapper.xcdatamodel; path = demo.xcdatamodel; sourceTree = "<group>"; };
		6C05C2A01B0187A50062DDDA /* ViewController.h */ = {isa = PBXFileReference; lastKnownFileType = sourcecode.c.h; path = ViewController.h; sourceTree = "<group>"; };
		6C05C2A11B0187A50062DDDA /* ViewController.m */ = {isa = PBXFileReference; lastKnownFileType = sourcecode.c.objc; path = ViewController.m; sourceTree = "<group>"; };
		6C05C2A41B0187A50062DDDA /* Base */ = {isa = PBXFileReference; lastKnownFileType = file.storyboard; name = Base; path = Base.lproj/Main.storyboard; sourceTree = "<group>"; };
		6C05C2A61B0187A50062DDDA /* Images.xcassets */ = {isa = PBXFileReference; lastKnownFileType = folder.assetcatalog; path = Images.xcassets; sourceTree = "<group>"; };
		6C05C2A91B0187A50062DDDA /* Base */ = {isa = PBXFileReference; lastKnownFileType = file.xib; name = Base; path = Base.lproj/LaunchScreen.xib; sourceTree = "<group>"; };
		6C05C2AF1B0187A50062DDDA /* demoTests.xctest */ = {isa = PBXFileReference; explicitFileType = wrapper.cfbundle; includeInIndex = 0; path = demoTests.xctest; sourceTree = BUILT_PRODUCTS_DIR; };
		6C05C2B41B0187A50062DDDA /* Info.plist */ = {isa = PBXFileReference; lastKnownFileType = text.plist.xml; path = Info.plist; sourceTree = "<group>"; };
		6C05C2B51B0187A50062DDDA /* demoTests.m */ = {isa = PBXFileReference; lastKnownFileType = sourcecode.c.objc; path = demoTests.m; sourceTree = "<group>"; };
		6C4305F41B01906D008FF7D3 /* Message.m */ = {isa = PBXFileReference; fileEncoding = 4; lastKnownFileType = sourcecode.c.objc; path = Message.m; sourceTree = "<group>"; };
		6C4305F61B0190A8008FF7D3 /* Message.h */ = {isa = PBXFileReference; lastKnownFileType = sourcecode.c.h; path = Message.h; sourceTree = "<group>"; };
		6C996D1B1B01ABD20042C437 /* MessageBoardTableController.h */ = {isa = PBXFileReference; fileEncoding = 4; lastKnownFileType = sourcecode.c.h; path = MessageBoardTableController.h; sourceTree = "<group>"; };
		6C996D1C1B01ABD20042C437 /* MessageBoardTableController.m */ = {isa = PBXFileReference; fileEncoding = 4; lastKnownFileType = sourcecode.c.objc; path = MessageBoardTableController.m; sourceTree = "<group>"; };
		6C996D211B01CC4E0042C437 /* NewPostViewController.h */ = {isa = PBXFileReference; fileEncoding = 4; lastKnownFileType = sourcecode.c.h; path = NewPostViewController.h; sourceTree = "<group>"; };
		6C996D221B01CC4E0042C437 /* NewPostViewController.m */ = {isa = PBXFileReference; fileEncoding = 4; lastKnownFileType = sourcecode.c.objc; path = NewPostViewController.m; sourceTree = "<group>"; };
		D921B994121A5FC066BDFD23 /* libPods.a */ = {isa = PBXFileReference; explicitFileType = archive.ar; includeInIndex = 0; path = libPods.a; sourceTree = BUILT_PRODUCTS_DIR; };
/* End PBXFileReference section */

/* Begin PBXFrameworksBuildPhase section */
		6C05C2901B0187A50062DDDA /* Frameworks */ = {
			isa = PBXFrameworksBuildPhase;
			buildActionMask = 2147483647;
			files = (
				A88BCD9B09087EB91CE9BDAF /* libPods.a in Frameworks */,
			);
			runOnlyForDeploymentPostprocessing = 0;
		};
		6C05C2AC1B0187A50062DDDA /* Frameworks */ = {
			isa = PBXFrameworksBuildPhase;
			buildActionMask = 2147483647;
			files = (
			);
			runOnlyForDeploymentPostprocessing = 0;
		};
/* End PBXFrameworksBuildPhase section */

/* Begin PBXGroup section */
		21405A4FB6EDCF322F4304EB /* Pods */ = {
			isa = PBXGroup;
			children = (
				19C7E7114C7ECDD1E4235A08 /* Pods.debug.xcconfig */,
				06FB7C2281F77877F67D8E30 /* Pods.release.xcconfig */,
			);
			name = Pods;
			sourceTree = "<group>";
		};
		5DEEEE1AF3E4DB08245AC17D /* Frameworks */ = {
			isa = PBXGroup;
			children = (
				D921B994121A5FC066BDFD23 /* libPods.a */,
			);
			name = Frameworks;
			sourceTree = "<group>";
		};
		6C05C28A1B0187A50062DDDA = {
			isa = PBXGroup;
			children = (
				6C05C2951B0187A50062DDDA /* demo */,
				6C05C2B21B0187A50062DDDA /* demoTests */,
				6C05C2941B0187A50062DDDA /* Products */,
				21405A4FB6EDCF322F4304EB /* Pods */,
				5DEEEE1AF3E4DB08245AC17D /* Frameworks */,
			);
			sourceTree = "<group>";
		};
		6C05C2941B0187A50062DDDA /* Products */ = {
			isa = PBXGroup;
			children = (
				6C05C2931B0187A50062DDDA /* demo.app */,
				6C05C2AF1B0187A50062DDDA /* demoTests.xctest */,
			);
			name = Products;
			sourceTree = "<group>";
		};
		6C05C2951B0187A50062DDDA /* demo */ = {
			isa = PBXGroup;
			children = (
				6C05C29A1B0187A50062DDDA /* AppDelegate.h */,
				6C05C29B1B0187A50062DDDA /* AppDelegate.m */,
				6C05C2A01B0187A50062DDDA /* ViewController.h */,
				6C05C2A11B0187A50062DDDA /* ViewController.m */,
				6C4305F61B0190A8008FF7D3 /* Message.h */,
				6C4305F41B01906D008FF7D3 /* Message.m */,
				6C996D1B1B01ABD20042C437 /* MessageBoardTableController.h */,
				6C996D1C1B01ABD20042C437 /* MessageBoardTableController.m */,
				6C05C2A31B0187A50062DDDA /* Main.storyboard */,
				6C996D211B01CC4E0042C437 /* NewPostViewController.h */,
				6C996D221B01CC4E0042C437 /* NewPostViewController.m */,
				6C05C2A61B0187A50062DDDA /* Images.xcassets */,
				6C05C2A81B0187A50062DDDA /* LaunchScreen.xib */,
				6C05C29D1B0187A50062DDDA /* demo.xcdatamodeld */,
				6C05C2961B0187A50062DDDA /* Supporting Files */,
			);
			path = demo;
			sourceTree = "<group>";
		};
		6C05C2961B0187A50062DDDA /* Supporting Files */ = {
			isa = PBXGroup;
			children = (
				6C05C2971B0187A50062DDDA /* Info.plist */,
				6C05C2981B0187A50062DDDA /* main.m */,
			);
			name = "Supporting Files";
			sourceTree = "<group>";
		};
		6C05C2B21B0187A50062DDDA /* demoTests */ = {
			isa = PBXGroup;
			children = (
				6C05C2B51B0187A50062DDDA /* demoTests.m */,
				6C05C2B31B0187A50062DDDA /* Supporting Files */,
			);
			path = demoTests;
			sourceTree = "<group>";
		};
		6C05C2B31B0187A50062DDDA /* Supporting Files */ = {
			isa = PBXGroup;
			children = (
				6C05C2B41B0187A50062DDDA /* Info.plist */,
			);
			name = "Supporting Files";
			sourceTree = "<group>";
		};
/* End PBXGroup section */

/* Begin PBXNativeTarget section */
		6C05C2921B0187A50062DDDA /* demo */ = {
			isa = PBXNativeTarget;
			buildConfigurationList = 6C05C2B91B0187A50062DDDA /* Build configuration list for PBXNativeTarget "demo" */;
			buildPhases = (
				FC339EAFF82CD9C0B871990D /* Check Pods Manifest.lock */,
				6C05C28F1B0187A50062DDDA /* Sources */,
				6C05C2901B0187A50062DDDA /* Frameworks */,
				6C05C2911B0187A50062DDDA /* Resources */,
				07761BAB3FE6CC662CB870EB /* Copy Pods Resources */,
			);
			buildRules = (
			);
			dependencies = (
			);
			name = demo;
			productName = demo;
			productReference = 6C05C2931B0187A50062DDDA /* demo.app */;
			productType = "com.apple.product-type.application";
		};
		6C05C2AE1B0187A50062DDDA /* demoTests */ = {
			isa = PBXNativeTarget;
			buildConfigurationList = 6C05C2BC1B0187A50062DDDA /* Build configuration list for PBXNativeTarget "demoTests" */;
			buildPhases = (
				6C05C2AB1B0187A50062DDDA /* Sources */,
				6C05C2AC1B0187A50062DDDA /* Frameworks */,
				6C05C2AD1B0187A50062DDDA /* Resources */,
			);
			buildRules = (
			);
			dependencies = (
				6C05C2B11B0187A50062DDDA /* PBXTargetDependency */,
			);
			name = demoTests;
			productName = demoTests;
			productReference = 6C05C2AF1B0187A50062DDDA /* demoTests.xctest */;
			productType = "com.apple.product-type.bundle.unit-test";
		};
/* End PBXNativeTarget section */

/* Begin PBXProject section */
		6C05C28B1B0187A50062DDDA /* Project object */ = {
			isa = PBXProject;
			attributes = {
				LastUpgradeCheck = 0630;
				ORGANIZATIONNAME = "James Landrum";
				TargetAttributes = {
					6C05C2921B0187A50062DDDA = {
						CreatedOnToolsVersion = 6.3.1;
						DevelopmentTeam = J3688JQ58C;
					};
					6C05C2AE1B0187A50062DDDA = {
						CreatedOnToolsVersion = 6.3.1;
						TestTargetID = 6C05C2921B0187A50062DDDA;
					};
				};
			};
			buildConfigurationList = 6C05C28E1B0187A50062DDDA /* Build configuration list for PBXProject "demo" */;
			compatibilityVersion = "Xcode 3.2";
			developmentRegion = English;
			hasScannedForEncodings = 0;
			knownRegions = (
				en,
				Base,
			);
			mainGroup = 6C05C28A1B0187A50062DDDA;
			productRefGroup = 6C05C2941B0187A50062DDDA /* Products */;
			projectDirPath = "";
			projectRoot = "";
			targets = (
				6C05C2921B0187A50062DDDA /* demo */,
				6C05C2AE1B0187A50062DDDA /* demoTests */,
			);
		};
/* End PBXProject section */

/* Begin PBXResourcesBuildPhase section */
		6C05C2911B0187A50062DDDA /* Resources */ = {
			isa = PBXResourcesBuildPhase;
			buildActionMask = 2147483647;
			files = (
				6C05C2A51B0187A50062DDDA /* Main.storyboard in Resources */,
				6C05C2AA1B0187A50062DDDA /* LaunchScreen.xib in Resources */,
				6C05C2A71B0187A50062DDDA /* Images.xcassets in Resources */,
			);
			runOnlyForDeploymentPostprocessing = 0;
		};
		6C05C2AD1B0187A50062DDDA /* Resources */ = {
			isa = PBXResourcesBuildPhase;
			buildActionMask = 2147483647;
			files = (
			);
			runOnlyForDeploymentPostprocessing = 0;
		};
/* End PBXResourcesBuildPhase section */

/* Begin PBXShellScriptBuildPhase section */
		07761BAB3FE6CC662CB870EB /* Copy Pods Resources */ = {
			isa = PBXShellScriptBuildPhase;
			buildActionMask = 2147483647;
			files = (
			);
			inputPaths = (
			);
			name = "Copy Pods Resources";
			outputPaths = (
			);
			runOnlyForDeploymentPostprocessing = 0;
			shellPath = /bin/sh;
			shellScript = "\"${SRCROOT}/Pods/Target Support Files/Pods/Pods-resources.sh\"\n";
			showEnvVarsInLog = 0;
		};
		FC339EAFF82CD9C0B871990D /* Check Pods Manifest.lock */ = {
			isa = PBXShellScriptBuildPhase;
			buildActionMask = 2147483647;
			files = (
			);
			inputPaths = (
			);
			name = "Check Pods Manifest.lock";
			outputPaths = (
			);
			runOnlyForDeploymentPostprocessing = 0;
			shellPath = /bin/sh;
			shellScript = "diff \"${PODS_ROOT}/../Podfile.lock\" \"${PODS_ROOT}/Manifest.lock\" > /dev/null\nif [[ $? != 0 ]] ; then\n    cat << EOM\nerror: The sandbox is not in sync with the Podfile.lock. Run 'pod install' or update your CocoaPods installation.\nEOM\n    exit 1\nfi\n";
			showEnvVarsInLog = 0;
		};
/* End PBXShellScriptBuildPhase section */

/* Begin PBXSourcesBuildPhase section */
		6C05C28F1B0187A50062DDDA /* Sources */ = {
			isa = PBXSourcesBuildPhase;
			buildActionMask = 2147483647;
			files = (
				6C05C29F1B0187A50062DDDA /* demo.xcdatamodeld in Sources */,
				6C05C29C1B0187A50062DDDA /* AppDelegate.m in Sources */,
				6C996D231B01CC4E0042C437 /* NewPostViewController.m in Sources */,
				6C4305F51B01906D008FF7D3 /* Message.m in Sources */,
				6C996D1D1B01ABD20042C437 /* MessageBoardTableController.m in Sources */,
				6C05C2A21B0187A50062DDDA /* ViewController.m in Sources */,
				6C05C2991B0187A50062DDDA /* main.m in Sources */,
			);
			runOnlyForDeploymentPostprocessing = 0;
		};
		6C05C2AB1B0187A50062DDDA /* Sources */ = {
			isa = PBXSourcesBuildPhase;
			buildActionMask = 2147483647;
			files = (
				6C05C2B61B0187A50062DDDA /* demoTests.m in Sources */,
			);
			runOnlyForDeploymentPostprocessing = 0;
		};
/* End PBXSourcesBuildPhase section */

/* Begin PBXTargetDependency section */
		6C05C2B11B0187A50062DDDA /* PBXTargetDependency */ = {
			isa = PBXTargetDependency;
			target = 6C05C2921B0187A50062DDDA /* demo */;
			targetProxy = 6C05C2B01B0187A50062DDDA /* PBXContainerItemProxy */;
		};
/* End PBXTargetDependency section */

/* Begin PBXVariantGroup section */
		6C05C2A31B0187A50062DDDA /* Main.storyboard */ = {
			isa = PBXVariantGroup;
			children = (
				6C05C2A41B0187A50062DDDA /* Base */,
			);
			name = Main.storyboard;
			sourceTree = "<group>";
		};
		6C05C2A81B0187A50062DDDA /* LaunchScreen.xib */ = {
			isa = PBXVariantGroup;
			children = (
				6C05C2A91B0187A50062DDDA /* Base */,
			);
			name = LaunchScreen.xib;
			sourceTree = "<group>";
		};
/* End PBXVariantGroup section */

/* Begin XCBuildConfiguration section */
		6C05C2B71B0187A50062DDDA /* Debug */ = {
			isa = XCBuildConfiguration;
			buildSettings = {
				ALWAYS_SEARCH_USER_PATHS = NO;
				CLANG_CXX_LANGUAGE_STANDARD = "gnu++0x";
				CLANG_CXX_LIBRARY = "libc++";
				CLANG_ENABLE_MODULES = YES;
				CLANG_ENABLE_OBJC_ARC = YES;
				CLANG_WARN_BOOL_CONVERSION = YES;
				CLANG_WARN_CONSTANT_CONVERSION = YES;
				CLANG_WARN_DIRECT_OBJC_ISA_USAGE = YES_ERROR;
				CLANG_WARN_EMPTY_BODY = YES;
				CLANG_WARN_ENUM_CONVERSION = YES;
				CLANG_WARN_INT_CONVERSION = YES;
				CLANG_WARN_OBJC_ROOT_CLASS = YES_ERROR;
				CLANG_WARN_UNREACHABLE_CODE = YES;
				CLANG_WARN__DUPLICATE_METHOD_MATCH = YES;
				"CODE_SIGN_IDENTITY[sdk=iphoneos*]" = "iPhone Developer";
				COPY_PHASE_STRIP = NO;
				DEBUG_INFORMATION_FORMAT = "dwarf-with-dsym";
				ENABLE_STRICT_OBJC_MSGSEND = YES;
				GCC_C_LANGUAGE_STANDARD = gnu99;
				GCC_DYNAMIC_NO_PIC = NO;
				GCC_NO_COMMON_BLOCKS = YES;
				GCC_OPTIMIZATION_LEVEL = 0;
				GCC_PREPROCESSOR_DEFINITIONS = (
					"DEBUG=1",
					"$(inherited)",
				);
				GCC_SYMBOLS_PRIVATE_EXTERN = NO;
				GCC_WARN_64_TO_32_BIT_CONVERSION = YES;
				GCC_WARN_ABOUT_RETURN_TYPE = YES_ERROR;
				GCC_WARN_UNDECLARED_SELECTOR = YES;
				GCC_WARN_UNINITIALIZED_AUTOS = YES_AGGRESSIVE;
				GCC_WARN_UNUSED_FUNCTION = YES;
				GCC_WARN_UNUSED_VARIABLE = YES;
				IPHONEOS_DEPLOYMENT_TARGET = 8.3;
				MTL_ENABLE_DEBUG_INFO = YES;
				ONLY_ACTIVE_ARCH = YES;
				SDKROOT = iphoneos;
				TARGETED_DEVICE_FAMILY = "1,2";
			};
			name = Debug;
		};
		6C05C2B81B0187A50062DDDA /* Release */ = {
			isa = XCBuildConfiguration;
			buildSettings = {
				ALWAYS_SEARCH_USER_PATHS = NO;
				CLANG_CXX_LANGUAGE_STANDARD = "gnu++0x";
				CLANG_CXX_LIBRARY = "libc++";
				CLANG_ENABLE_MODULES = YES;
				CLANG_ENABLE_OBJC_ARC = YES;
				CLANG_WARN_BOOL_CONVERSION = YES;
				CLANG_WARN_CONSTANT_CONVERSION = YES;
				CLANG_WARN_DIRECT_OBJC_ISA_USAGE = YES_ERROR;
				CLANG_WARN_EMPTY_BODY = YES;
				CLANG_WARN_ENUM_CONVERSION = YES;
				CLANG_WARN_INT_CONVERSION = YES;
				CLANG_WARN_OBJC_ROOT_CLASS = YES_ERROR;
				CLANG_WARN_UNREACHABLE_CODE = YES;
				CLANG_WARN__DUPLICATE_METHOD_MATCH = YES;
				"CODE_SIGN_IDENTITY[sdk=iphoneos*]" = "iPhone Developer";
				COPY_PHASE_STRIP = NO;
				DEBUG_INFORMATION_FORMAT = "dwarf-with-dsym";
				ENABLE_NS_ASSERTIONS = NO;
				ENABLE_STRICT_OBJC_MSGSEND = YES;
				GCC_C_LANGUAGE_STANDARD = gnu99;
				GCC_NO_COMMON_BLOCKS = YES;
				GCC_WARN_64_TO_32_BIT_CONVERSION = YES;
				GCC_WARN_ABOUT_RETURN_TYPE = YES_ERROR;
				GCC_WARN_UNDECLARED_SELECTOR = YES;
				GCC_WARN_UNINITIALIZED_AUTOS = YES_AGGRESSIVE;
				GCC_WARN_UNUSED_FUNCTION = YES;
				GCC_WARN_UNUSED_VARIABLE = YES;
				IPHONEOS_DEPLOYMENT_TARGET = 8.3;
				MTL_ENABLE_DEBUG_INFO = NO;
				SDKROOT = iphoneos;
				TARGETED_DEVICE_FAMILY = "1,2";
				VALIDATE_PRODUCT = YES;
			};
			name = Release;
		};
		6C05C2BA1B0187A50062DDDA /* Debug */ = {
			isa = XCBuildConfiguration;
			baseConfigurationReference = 19C7E7114C7ECDD1E4235A08 /* Pods.debug.xcconfig */;
			buildSettings = {
				ASSETCATALOG_COMPILER_APPICON_NAME = AppIcon;
				CODE_SIGN_IDENTITY = "iPhone Developer";
				"CODE_SIGN_IDENTITY[sdk=iphoneos*]" = "iPhone Developer";
				INFOPLIST_FILE = demo/Info.plist;
				LD_RUNPATH_SEARCH_PATHS = "$(inherited) @executable_path/Frameworks";
				PRODUCT_NAME = "$(TARGET_NAME)";
				PROVISIONING_PROFILE = "";
			};
			name = Debug;
		};
		6C05C2BB1B0187A50062DDDA /* Release */ = {
			isa = XCBuildConfiguration;
			baseConfigurationReference = 06FB7C2281F77877F67D8E30 /* Pods.release.xcconfig */;
			buildSettings = {
				ASSETCATALOG_COMPILER_APPICON_NAME = AppIcon;
				CODE_SIGN_IDENTITY = "iPhone Developer";
				"CODE_SIGN_IDENTITY[sdk=iphoneos*]" = "iPhone Developer";
				INFOPLIST_FILE = demo/Info.plist;
				LD_RUNPATH_SEARCH_PATHS = "$(inherited) @executable_path/Frameworks";
				PRODUCT_NAME = "$(TARGET_NAME)";
				PROVISIONING_PROFILE = "";
			};
			name = Release;
		};
		6C05C2BD1B0187A50062DDDA /* Debug */ = {
			isa = XCBuildConfiguration;
			buildSettings = {
				BUNDLE_LOADER = "$(TEST_HOST)";
				FRAMEWORK_SEARCH_PATHS = (
					"$(SDKROOT)/Developer/Library/Frameworks",
					"$(inherited)",
				);
				GCC_PREPROCESSOR_DEFINITIONS = (
					"DEBUG=1",
					"$(inherited)",
				);
				INFOPLIST_FILE = demoTests/Info.plist;
				LD_RUNPATH_SEARCH_PATHS = "$(inherited) @executable_path/Frameworks @loader_path/Frameworks";
				PRODUCT_NAME = "$(TARGET_NAME)";
				TEST_HOST = "$(BUILT_PRODUCTS_DIR)/demo.app/demo";
			};
			name = Debug;
		};
		6C05C2BE1B0187A50062DDDA /* Release */ = {
			isa = XCBuildConfiguration;
			buildSettings = {
				BUNDLE_LOADER = "$(TEST_HOST)";
				FRAMEWORK_SEARCH_PATHS = (
					"$(SDKROOT)/Developer/Library/Frameworks",
					"$(inherited)",
				);
				INFOPLIST_FILE = demoTests/Info.plist;
				LD_RUNPATH_SEARCH_PATHS = "$(inherited) @executable_path/Frameworks @loader_path/Frameworks";
				PRODUCT_NAME = "$(TARGET_NAME)";
				TEST_HOST = "$(BUILT_PRODUCTS_DIR)/demo.app/demo";
			};
			name = Release;
		};
/* End XCBuildConfiguration section */

/* Begin XCConfigurationList section */
		6C05C28E1B0187A50062DDDA /* Build configuration list for PBXProject "demo" */ = {
			isa = XCConfigurationList;
			buildConfigurations = (
				6C05C2B71B0187A50062DDDA /* Debug */,
				6C05C2B81B0187A50062DDDA /* Release */,
			);
			defaultConfigurationIsVisible = 0;
			defaultConfigurationName = Release;
		};
		6C05C2B91B0187A50062DDDA /* Build configuration list for PBXNativeTarget "demo" */ = {
			isa = XCConfigurationList;
			buildConfigurations = (
				6C05C2BA1B0187A50062DDDA /* Debug */,
				6C05C2BB1B0187A50062DDDA /* Release */,
			);
			defaultConfigurationIsVisible = 0;
			defaultConfigurationName = Release;
		};
		6C05C2BC1B0187A50062DDDA /* Build configuration list for PBXNativeTarget "demoTests" */ = {
			isa = XCConfigurationList;
			buildConfigurations = (
				6C05C2BD1B0187A50062DDDA /* Debug */,
				6C05C2BE1B0187A50062DDDA /* Release */,
			);
			defaultConfigurationIsVisible = 0;
			defaultConfigurationName = Release;
		};
/* End XCConfigurationList section */

/* Begin XCVersionGroup section */
		6C05C29D1B0187A50062DDDA /* demo.xcdatamodeld */ = {
			isa = XCVersionGroup;
			children = (
				6C05C29E1B0187A50062DDDA /* demo.xcdatamodel */,
			);
			currentVersion = 6C05C29E1B0187A50062DDDA /* demo.xcdatamodel */;
			path = demo.xcdatamodeld;
			sourceTree = "<group>";
			versionGroupType = wrapper.xcdatamodel;
		};
/* End XCVersionGroup section */
	};
	rootObject = 6C05C28B1B0187A50062DDDA /* Project object */;
}
